
Microsoft Visual Studio Solution File, Format Version 12.00
# Visual Studio Version 17
VisualStudioVersion = 17.5.33530.505
MinimumVisualStudioVersion = 10.0.40219.1
Project("{9A19103F-16F7-4668-BE54-9A1E7A4F7556}") = "PowerDocu.FlowDocumenter", "PowerDocu.FlowDocumenter\PowerDocu.FlowDocumenter.csproj", "{602B2214-EE6C-48B6-A47A-823CCE685253}"
EndProject
Project("{9A19103F-16F7-4668-BE54-9A1E7A4F7556}") = "PowerDocu.GUI", "PowerDocu.GUI\PowerDocu.GUI.csproj", "{3E33F41C-0C7B-4C0D-91BD-56F520AFC5F0}"
EndProject
Project("{9A19103F-16F7-4668-BE54-9A1E7A4F7556}") = "PowerDocu.Common", "modules\PowerDocu.Common\PowerDocu.Common\PowerDocu.Common.csproj", "{006E057F-1D12-4FBA-94B9-94A1E4A75A17}"
EndProject
Project("{9A19103F-16F7-4668-BE54-9A1E7A4F7556}") = "PowerDocu.AppDocumenter", "PowerDocu.AppDocumenter\PowerDocu.AppDocumenter.csproj", "{15EC009C-DEB1-437C-B81F-34A2D4F624A0}"
EndProject
Project("{9A19103F-16F7-4668-BE54-9A1E7A4F7556}") = "PowerDocu.SolutionDocumenter", "PowerDocu.SolutionDocumenter\PowerDocu.SolutionDocumenter.csproj", "{E728F5E8-32AC-42F6-84DB-BE287175016C}"
EndProject
Project("{FAE04EC0-301F-11D3-BF4B-00C04F79EFBC}") = "PowerDocu.AppModuleDocumenter", "PowerDocu.AppModuleDocumenter\PowerDocu.AppModuleDocumenter.csproj", "{6C508F7E-82CF-412A-B4C6-5F74797BA50B}"
EndProject
Project("{2150E333-8FDC-42A3-9474-1A3956D46DE8}") = "modules", "modules", "{CA253913-39DE-BFD0-C9A3-4B7EC6FBDF17}"
EndProject
Project("{2150E333-8FDC-42A3-9474-1A3956D46DE8}") = "PowerDocu.Common", "PowerDocu.Common", "{B979D467-1156-78F0-F2D7-290889AF791E}"
EndProject
Project("{FAE04EC0-301F-11D3-BF4B-00C04F79EFBC}") = "PowerDocu.AIModelDocumenter", "PowerDocu.AIModelDocumenter\PowerDocu.AIModelDocumenter.csproj", "{2E179B1C-3BD5-4781-AC2F-A4EEDEF5CCE1}"
EndProject
Project("{FAE04EC0-301F-11D3-BF4B-00C04F79EFBC}") = "PowerDocu.BPFDocumenter", "PowerDocu.BPFDocumenter\PowerDocu.BPFDocumenter.csproj", "{D8E1F2A3-B4C5-6D7E-8F9A-0B1C2D3E4F5A}"
EndProject
Project("{FAE04EC0-301F-11D3-BF4B-00C04F79EFBC}") = "PowerDocu.DesktopFlowDocumenter", "PowerDocu.De
EndProject
Project("{FAE04EC0-301F-11D3-BF4B-00C04F79EFBC}") = "PowerDocu.ClassicWorkflowDocumenter", "PowerDocu.ClassicWorkflowDocumenter\PowerDocu.ClassicWorkflowDocumenter.csproj", "{1E92CCC5-56CF-46C9-BB4F-EDBC3D4FCC57}"
EndProject
Project("{FAE04EC0-301F-11D3-BF4B-00C04F79EFBC}") = "PowerDocu.DataflowDocumenter", "PowerDocu.DataflowDocumenter\PowerDocu.DataflowDocumenter.csproj", "{E62CEE1E-5308-4AEA-BF32-AE8E49C52278}"
EndProject
Global
	GlobalSection(SolutionConfigurationPlatforms) = preSolution
		Debug|Any CPU = Debug|Any CPU
		Debug|x64 = Debug|x64
		Debug|x86 = Debug|x86
		Release|Any CPU = Release|Any CPU
		Release|x64 = Release|x64
		Release|x86 = Release|x86
	EndGlobalSection
	GlobalSection(ProjectConfigurationPlatforms) = postSolution
		{602B2214-EE6C-48B6-A47A-823CCE685253}.Debug|Any CPU.ActiveCfg = Debug|Any CPU
		{602B2214-EE6C-48B6-A47A-823CCE685253}.Debug|Any CPU.Build.0 = Debug|Any CPU
		{602B2214-EE6C-48B6-A47A-823CCE685253}.Debug|x64.ActiveCfg = Debug|Any CPU
		{602B2214-EE6C-48B6-A47A-823CCE685253}.Debug|x64.Build.0 = Debug|Any CPU
		{602B2214-EE6C-48B6-A47A-823CCE685253}.Debug|x86.ActiveCfg = Debug|Any CPU
		{602B2214-EE6C-48B6-A47A-823CCE685253}.Debug|x86.Build.0 = Debug|Any CPU
		{602B2214-EE6C-48B6-A47A-823CCE685253}.Release|Any CPU.ActiveCfg = Release|Any CPU
		{602B2214-EE6C-48B6-A47A-823CCE685253}.Release|Any CPU.Build.0 = Release|Any CPU
		{602B2214-EE6C-48B6-A47A-823CCE685253}.Release|x64.ActiveCfg = Release|Any CPU
		{602B2214-EE6C-48B6-A47A-823CCE685253}.Release|x64.Build.0 = Release|Any CPU
		{602B2214-EE6C-48B6-A47A-823CCE685253}.Release|x86.ActiveCfg = Release|Any CPU
		{602B2214-EE6C-48B6-A47A-823CCE685253}.Release|x86.Build.0 = Release|Any CPU
		{3E33F41C-0C7B-4C0D-91BD-56F520AFC5F0}.Debug|Any CPU.ActiveCfg = Debug|Any CPU
		{3E33F41C-0C7B-4C0D-91BD-56F520AFC5F0}.Debug|Any CPU.Build.0 = Debug|Any CPU
		{3E33F41C-0C7B-4C0D-91BD-56F520AFC5F0}.Debug|x64.ActiveCfg = Debug|Any CPU
		{3E33F41C-0C7B-4C0D-91BD-56F520AFC5F0}.Debug|x64.Build.0 = Debug|Any CPU
		{3E33F41C-0C7B-4C0D-91BD-56F520AFC5F0}.Debug|x86.ActiveCfg = Debug|Any CPU
		{3E33F41C-0C7B-4C0D-91BD-56F520AFC5F0}.Debug|x86.Build.0 = Debug|Any CPU
		{3E33F41C-0C7B-4C0D-91BD-56F520AFC5F0}.Release|Any CPU.ActiveCfg = Release|Any CPU
		{3E33F41C-0C7B-4C0D-91BD-56F520AFC5F0}.Release|Any CPU.Build.0 = Release|Any CPU
		{3E33F41C-0C7B-4C0D-91BD-56F520AFC5F0}.Release|x64.ActiveCfg = Release|Any CPU
		{3E33F41C-0C7B-4C0D-91BD-56F520AFC5F0}.Release|x64.Build.0 = Release|Any CPU
		{3E33F41C-0C7B-4C0D-91BD-56F520AFC5F0}.Release|x86.ActiveCfg = Release|Any CPU
		{3E33F41C-0C7B-4C0D-91BD-56F520AFC5F0}.Release|x86.Build.0 = Release|Any CPU
		{006E057F-1D12-4FBA-94B9-94A1E4A75A17}.Debug|Any CPU.ActiveCfg = Debug|Any CPU
		{006E057F-1D12-4FBA-94B9-94A1E4A75A17}.Debug|Any CPU.Build.0 = Debug|Any CPU
		{006E057F-1D12-4FBA-94B9-94A1E4A75A17}.Debug|x64.ActiveCfg = Debug|Any CPU
		{006E057F-1D12-4FBA-94B9-94A1E4A75A17}.Debug|x64.Build.0 = Debug|Any CPU
		{006E057F-1D12-4FBA-94B9-94A1E4A75A17}.Debug|x86.ActiveCfg = Debug|Any CPU
		{006E057F-1D12-4FBA-94B9-94A1E4A75A17}.Debug|x86.Build.0 = Debug|Any CPU
		{006E057F-1D12-4FBA-94B9-94A1E4A75A17}.Release|Any CPU.ActiveCfg = Release|Any CPU
		{006E057F-1D12-4FBA-94B9-94A1E4A75A17}.Release|Any CPU.Build.0 = Release|Any CPU
		{006E057F-1D12-4FBA-94B9-94A1E4A75A17}.Release|x64.ActiveCfg = Release|Any CPU
		{006E057F-1D12-4FBA-94B9-94A1E4A75A17}.Release|x64.Build.0 = Release|Any CPU
		{006E057F-1D12-4FBA-94B9-94A1E4A75A17}.Release|x86.ActiveCfg = Release|Any CPU
		{006E057F-1D12-4FBA-94B9-94A1E4A75A17}.Release|x86.Build.0 = Release|Any CPU
		{15EC009C-DEB1-437C-B81F-34A2D4F624A0}.Debug|Any CPU.ActiveCfg = Debug|Any CPU
		{15EC009C-DEB1-437C-B81F-34A2D4F624A0}.Debug|Any CPU.Build.0 = Debug|Any CPU
		{15EC009C-DEB1-437C-B81F-34A2D4F624A0}.Debug|x64.ActiveCfg = Debug|Any CPU
		{15EC009C-DEB1-437C-B81F-34A2D4F624A0}.Debug|x64.Build.0 = Debug|Any CPU
		{15EC009C-DEB1-437C-B81F-34A2D4F624A0}.Debug|x86.ActiveCfg = Debug|Any CPU
		{15EC009C-DEB1-437C-B81F-34A2D4F624A0}.Debug|x86.Build.0 = Debug|Any CPU
		{15EC009C-DEB1-437C-B81F-34A2D4F624A0}.Release|Any CPU.ActiveCfg = Release|Any CPU
		{15EC009C-DEB1-437C-B81F-34A2D4F624A0}.Release|Any CPU.Build.0 = Release|Any CPU
		{15EC009C-DEB1-437C-B81F-34A2D4F624A0}.Release|x64.ActiveCfg = Release|Any CPU
		{15EC009C-DEB1-437C-B81F-34A2D4F624A0}.Release|x64.Build.0 = Release|Any CPU
		{15EC009C-DEB1-437C-B81F-34A2D4F624A0}.Release|x86.ActiveCfg = Release|Any CPU
		{15EC009C-DEB1-437C-B81F-34A2D4F624A0}.Release|x86.Build.0 = Release|Any CPU
		{E728F5E8-32AC-42F6-84DB-BE287175016C}.Debug|Any CPU.ActiveCfg = Debug|Any CPU
		{E728F5E8-32AC-42F6-84DB-BE287175016C}.Debug|Any CPU.Build.0 = Debug|Any CPU
		{E728F5E8-32AC-42F6-84DB-BE287175016C}.Debug|x64.ActiveCfg = Debug|Any CPU
		{E728F5E8-32AC-42F6-84DB-BE287175016C}.Debug|x64.Build.0 = Debug|Any CPU
		{E728F5E8-32AC-42F6-84DB-BE287175016C}.Debug|x86.ActiveCfg = Debug|Any CPU
		{E728F5E8-32AC-42F6-84DB-BE287175016C}.Debug|x86.Build.0 = Debug|Any CPU
		{E728F5E8-32AC-42F6-84DB-BE287175016C}.Release|Any CPU.ActiveCfg = Release|Any CPU
		{E728F5E8-32AC-42F6-84DB-BE287175016C}.Release|Any CPU.Build.0 = Release|Any CPU
		{E728F5E8-32AC-42F6-84DB-BE287175016C}.Release|x64.ActiveCfg = Release|Any CPU
		{E728F5E8-32AC-42F6-84DB-BE287175016C}.Release|x64.Build.0 = Release|Any CPU
		{E728F5E8-32AC-42F6-84DB-BE287175016C}.Release|x86.ActiveCfg = Release|Any CPU
		{E728F5E8-32AC-42F6-84DB-BE287175016C}.Release|x86.Build.0 = Release|Any CPU
		{6C508F7E-82CF-412A-B4C6-5F74797BA50B}.Debug|Any CPU.ActiveCfg = Debug|Any CPU
		{6C508F7E-82CF-412A-B4C6-5F74797BA50B}.Debug|Any CPU.Build.0 = Debug|Any CPU
		{6C508F7E-82CF-412A-B4C6-5F74797BA50B}.Debug|x64.ActiveCfg = Debug|Any CPU
		{6C508F7E-82CF-412A-B4C6-5F74797BA50B}.Debug|x64.Build.0 = Debug|Any CPU
		{6C508F7E-82CF-412A-B4C6-5F74797BA50B}.Debug|x86.ActiveCfg = Debug|Any CPU
		{6C508F7E-82CF-412A-B4C6-5F74797BA50B}.Debug|x86.Build.0 = Debug|Any CPU
		{6C508F7E-82CF-412A-B4C6-5F74797BA50B}.Release|Any CPU.ActiveCfg = Release|Any CPU
		{6C508F7E-82CF-412A-B4C6-5F74797BA50B}.Release|Any CPU.Build.0 = Release|Any CPU
		{6C508F7E-82CF-412A-B4C6-5F74797BA50B}.Release|x64.ActiveCfg = Release|Any CPU
		{6C508F7E-82CF-412A-B4C6-5F74797BA50B}.Release|x64.Build.0 = Release|Any CPU
		{6C508F7E-82CF-412A-B4C6-5F74797BA50B}.Release|x86.ActiveCfg = Release|Any CPU
		{6C508F7E-82CF-412A-B4C6-5F74797BA50B}.Release|x86.Build.0 = Release|Any CPU
		{2E179B1C-3BD5-4781-AC2F-A4EEDEF5CCE1}.Debug|Any CPU.ActiveCfg = Debug|Any CPU
		{2E179B1C-3BD5-4781-AC2F-A4EEDEF5CCE1}.Debug|Any CPU.Build.0 = Debug|Any CPU
		{2E179B1C-3BD5-4781-AC2F-A4EEDEF5CCE1}.Debug|x64.ActiveCfg = Debug|Any CPU
		{2E179B1C-3BD5-4781-AC2F-A4EEDEF5CCE1}.Debug|x64.Build.0 = Debug|Any CPU
		{2E179B1C-3BD5-4781-AC2F-A4EEDEF5CCE1}.Debug|x86.ActiveCfg = Debug|Any CPU
		{2E179B1C-3BD5-4781-AC2F-A4EEDEF5CCE1}.Debug|x86.Build.0 = Debug|Any CPU
		{2E179B1C-3BD5-4781-AC2F-A4EEDEF5CCE1}.Release|Any CPU.ActiveCfg = Release|Any CPU
		{2E179B1C-3BD5-4781-AC2F-A4EEDEF5CCE1}.Release|Any CPU.Build.0 = Release|Any CPU
		{2E179B1C-3BD5-4781-AC2F-A4EEDEF5CCE1}.Release|x64.ActiveCfg = Release|Any CPU
		{2E179B1C-3BD5-4781-AC2F-A4EEDEF5CCE1}.Release|x64.Build.0 = Release|Any CPU
		{2E179B1C-3BD5-4781-AC2F-A4EEDEF5CCE1}.Release|x86.ActiveCfg = Release|Any CPU
		{2E179B1C-3BD5-4781-AC2F-A4EEDEF5CCE1}.Release|x86.Build.0 = Release|Any CPU
		{D8E1F2A3-B4C5-6D7E-8F9A-0B1C2D3E4F5A}.Debug|Any CPU.ActiveCfg = Debug|Any CPU
		{D8E1F2A3-B4C5-6D7E-8F9A-0B1C2D3E4F5A}.Debug|Any CPU.Build.0 = Debug|Any CPU
		{D8E1F2A3-B4C5-6D7E-8F9A-0B1C2D3E4F5A}.Debug|x64.ActiveCfg = Debug|Any CPU
		{D8E1F2A3-B4C5-6D7E-8F9A-0B1C2D3E4F5A}.Debug|x64.Build.0 = Debug|Any CPU
		{D8E1F2A3-B4C5-6D7E-8F9A-0B1C2D3E4F5A}.Debug|x86.ActiveCfg = Debug|Any CPU
		{D8E1F2A3-B4C5-6D7E-8F9A-0B1C2D3E4F5A}.Debug|x86.Build.0 = Debug|Any CPU
		{D8E1F2A3-B4C5-6D7E-8F9A-0B1C2D3E4F5A}.Release|Any CPU.ActiveCfg = Release|Any CPU
		{D8E1F2A3-B4C5-6D7E-8F9A-0B1C2D3E4F5A}.Release|Any CPU.Build.0 = Release|Any CPU
		{D8E1F2A3-B4C5-6D7E-8F9A-0B1C2D3E4F5A}.Release|x64.ActiveCfg = Release|Any CPU
		{D8E1F2A3-B4C5-6D7E-8F9A-0B1C2D3E4F5A}.Release|x64.Build.0 = Release|Any CPU
		{D8E1F2A3-B4C5-6D7E-8F9A-0B1C2D3E4F5A}.Release|x86.ActiveCfg = Release|Any CPU
		{D8E1F2A3-B4C5-6D7E-8F9A-0B1C2D3E4F5A}.Release|x86.Build.0 = Release|Any CPU
		{AFA444CF-CC6C-40B3-B4FE-6F627A3FF888}.Debug|Any CPU.ActiveCfg = Debug|Any CPU
		{AFA444CF-CC6C-40B3-B4FE-6F627A3FF888}.Debug|Any CPU.Build.0 = Debug|Any CPU
		{AFA444CF-CC6C-40B3-B4FE-6F627A3FF888}.Debug|x64.ActiveCfg = Debug|Any CPU
		{AFA444CF-CC6C-40B3-B4FE-6F627A3FF888}.Debug|x64.Build.0 = Debug|Any CPU
		{AFA444CF-CC6C-40B3-B4FE-6F627A3FF888}.Debug|x86.ActiveCfg = Debug|Any CPU
		{AFA444CF-CC6C-40B3-B4FE-6F627A3FF888}.Debug|x86.Build.0 = Debug|Any CPU
		{AFA444CF-CC6C-40B3-B4FE-6F627A3FF888}.Release|Any CPU.ActiveCfg = Release|Any CPU
		{AFA444CF-CC6C-40B3-B4FE-6F627A3FF888}.Release|Any CPU.Build.0 = Release|Any CPU
		{AFA444CF-CC6C-40B3-B4FE-6F627A3FF888}.Release|x64.ActiveCfg = Release|Any CPU
		{AFA444CF-CC6C-40B3-B4FE-6F627A3FF888}.Release|x64.Build.0 = Release|Any CPU
		{AFA444CF-CC6C-40B3-B4FE-6F627A3FF888}.Release|x86.ActiveCfg = Release|Any CPU
		{AFA444CF-CC6C-40B3-B4FE-6F627A3FF888}.Release|x86.Build.0 = Release|Any CPU
		{E62CEE1E-5308-4AEA-BF32-AE8E49C52278}.Debug|Any CPU.ActiveCfg = Debug|Any CPU
		{E62CEE1E-5308-4AEA-BF32-AE8E49C52278}.Debug|Any CPU.Build.0 = Debug|Any CPU
		{E62CEE1E-5308-4AEA-BF32-AE8E49C52278}.Debug|x64.ActiveCfg = Debug|Any CPU
		{E62CEE1E-5308-4AEA-BF32-AE8E49C52278}.Debug|x64.Build.0 = Debug|Any CPU
		{E62CEE1E-5308-4AEA-BF32-AE8E49C52278}.Debug|x86.ActiveCfg = Debug|Any CPU
		{E62CEE1E-5308-4AEA-BF32-AE8E49C52278}.Debug|x86.Build.0 = Debug|Any CPU
		{E62CEE1E-5308-4AEA-BF32-AE8E49C52278}.Release|Any CPU.ActiveCfg = Release|Any CPU
		{E62CEE1E-5308-4AEA-BF32-AE8E49C52278}.Release|Any CPU.Build.0 = Release|Any CPU
		{E62CEE1E-5308-4AEA-BF32-AE8E49C52278}.Release|x64.ActiveCfg = Release|Any CPU
		{E62CEE1E-5308-4AEA-BF32-AE8E49C52278}.Release|x64.Build.0 = Release|Any CPU
		{E62CEE1E-5308-4AEA-BF32-AE8E49C52278}.Release|x86.ActiveCfg = Release|Any CPU
		{E62CEE1E-5308-4AEA-BF32-AE8E49C52278}.Release|x86.Build.0 = Release|Any CPU
	EndGlobalSection
	GlobalSection(SolutionProperties) = preSolution
		HideSolutionNode = FALSE
	EndGlobalSection
	GlobalSection(NestedProjects) = preSolution
		{B979D467-1156-78F0-F2D7-290889AF791E} = {CA253913-39DE-BFD0-C9A3-4B7EC6FBDF17}
	EndGlobalSection
	GlobalSection(ExtensibilityGlobals) = postSolution
		SolutionGuid = {D1B3356E-BA93-4E04-9046-2F7BA6B760A3}
	EndGlobalSection
EndGlobal
